
Microsoft Visual Studio Solution File, Format Version 12.00
# Visual Studio 15
VisualStudioVersion = 15.0.26430.12
MinimumVisualStudioVersion = 10.0.40219.1
Project("{FAE04EC0-301F-11D3-BF4B-00C04F79EFBC}") = "eduJSON-net35", "eduJSON\eduJSON-net35.csproj", "{E94DA1FC-9542-474A-BC20-78A02B961E11}"
EndProject
Project("{FAE04EC0-301F-11D3-BF4B-00C04F79EFBC}") = "eduJSON-net40", "eduJSON\eduJSON-net40.csproj", "{8F4C3F22-1988-4077-9220-ED2512FC0248}"
EndProject
Project("{FAE04EC0-301F-11D3-BF4B-00C04F79EFBC}") = "eduJSON-net45", "eduJSON\eduJSON-net45.csproj", "{CAB91949-A2DA-449D-B0A9-62CE1AF21D66}"
EndProject
Project("{FAE04EC0-301F-11D3-BF4B-00C04F79EFBC}") = "eduJSONTests", "eduJSONTests\eduJSONTests.csproj", "{2C761E16-7CE7-4702-9BB9-C36C0903C8FF}"
EndProject
Project("{2150E333-8FDC-42A3-9474-1A3956D46DE8}") = "Solution Items", "Solution Items", "{CC045BA7-5104-4F4C-A3CB-186AA08B104F}"
	ProjectSection(SolutionItems) = preProject
		LICENSE = LICENSE
		LICENSE.spdx = LICENSE.spdx
	EndProjectSection
EndProject
Global
	GlobalSection(SolutionConfigurationPlatforms) = preSolution
		Debug|Any CPU = Debug|Any CPU
		Release|Any CPU = Release|Any CPU
	EndGlobalSection
	GlobalSection(ProjectConfigurationPlatforms) = postSolution
		{E94DA1FC-9542-474A-BC20-78A02B961E11}.Debug|Any CPU.ActiveCfg = Debug|Any CPU
		{E94DA1FC-9542-474A-BC20-78A02B961E11}.Debug|Any CPU.Build.0 = Debug|Any CPU
		{E94DA1FC-9542-474A-BC20-78A02B961E11}.Release|Any CPU.ActiveCfg = Release|Any CPU
		{E94DA1FC-9542-474A-BC20-78A02B961E11}.Release|Any CPU.Build.0 = Release|Any CPU
		{8F4C3F22-1988-4077-9220-ED2512FC0248}.Debug|Any CPU.ActiveCfg = Debug|Any CPU
		{8F4C3F22-1988-4077-9220-ED2512FC0248}.Debug|Any CPU.Build.0 = Debug|Any CPU
		{8F4C3F22-1988-4077-9220-ED2512FC0248}.Release|Any CPU.ActiveCfg = Release|Any CPU
		{8F4C3F22-1988-4077-9220-ED2512FC0248}.Release|Any CPU.Build.0 = Release|Any CPU
		{CAB91949-A2DA-449D-B0A9-62CE1AF21D66}.Debug|Any CPU.ActiveCfg = Debug|Any CPU
		{CAB91949-A2DA-449D-B0A9-62CE1AF21D66}.Debug|Any CPU.Build.0 = Debug|Any CPU
		{CAB91949-A2DA-449D-B0A9-62CE1AF21D66}.Release|Any CPU.ActiveCfg = Release|Any CPU
		{CAB91949-A2DA-449D-B0A9-62CE1AF21D66}.Release|Any CPU.Build.0 = Release|Any CPU
		{2C761E16-7CE7-4702-9BB9-C36C0903C8FF}.Debug|Any CPU.ActiveCfg = Debug|Any CPU
		{2C761E16-7CE7-4702-9BB9-C36C0903C8FF}.Debug|Any CPU.Build.0 = Debug|Any CPU
		{2C761E16-7CE7-4702-9BB9-C36C0903C8FF}.Release|Any CPU.ActiveCfg = Release|Any CPU
		{2C761E16-7CE7-4702-9BB9-C36C0903C8FF}.Release|Any CPU.Build.0 = Release|Any CPU
	EndGlobalSection
	GlobalSection(SolutionProperties) = preSolution
		HideSolutionNode = FALSE
	EndGlobalSection
EndGlobal
